
Microsoft Visual Studio Solution File, Format Version 12.00
# Visual Studio Version 17
VisualStudioVersion = 17.1.32421.90
MinimumVisualStudioVersion = 10.0.40219.1
Project("{FAE04EC0-301F-11D3-BF4B-00C04F79EFBC}") = "MinimalAPI", "MinimalAPI\MinimalAPI.csproj", "{78D08E19-7434-495C-A94F-EB3FC3F6E793}"
EndProject
Project("{00D1A9C2-B5F0-4AF3-8072-F6C62B433612}") = "UserDb", "UserDb\UserDb.sqlproj", "{E0EDAC7F-4C05-4956-9F04-2EDB95B8BDBF}"
EndProject
Project("{FAE04EC0-301F-11D3-BF4B-00C04F79EFBC}") = "DataAccess", "DataAccess\DataAccess.csproj", "{09F7D0A2-3899-4092-A170-3B9F8085E89D}"
EndProject
Project("{2150E333-8FDC-42A3-9474-1A3956D46DE8}") = "Solution Items", "Solution Items", "{5E21C791-54C5-4C4E-A0E3-D3E459108C4C}"
	ProjectSection(SolutionItems) = preProject
		.editorconfig = .editorconfig
	EndProjectSection
EndProject
Global
	GlobalSection(SolutionConfigurationPlatforms) = preSolution
		Debug|Any CPU = Debug|Any CPU
		Release|Any CPU = Release|Any CPU
	EndGlobalSection
	GlobalSection(ProjectConfigurationPlatforms) = postSolution
		{78D08E19-7434-495C-A94F-EB3FC3F6E793}.Debug|Any CPU.ActiveCfg = Debug|Any CPU
		{78D08E19-7434-495C-A94F-EB3FC3F6E793}.Debug|Any CPU.Build.0 = Debug|Any CPU
		{78D08E19-7434-495C-A94F-EB3FC3F6E793}.Release|Any CPU.ActiveCfg = Release|Any CPU
		{78D08E19-7434-495C-A94F-EB3FC3F6E793}.Release|Any CPU.Build.0 = Release|Any CPU
		{E0EDAC7F-4C05-4956-9F04-2EDB95B8BDBF}.Debug|Any CPU.ActiveCfg = Debug|Any CPU
		{E0EDAC7F-4C05-4956-9F04-2EDB95B8BDBF}.Debug|Any CPU.Build.0 = Debug|Any CPU
		{E0EDAC7F-4C05-4956-9F04-2EDB95B8BDBF}.Debug|Any CPU.Deploy.0 = Debug|Any CPU
		{E0EDAC7F-4C05-4956-9F04-2EDB95B8BDBF}.Release|Any CPU.ActiveCfg = Release|Any CPU
		{E0EDAC7F-4C05-4956-9F04-2EDB95B8BDBF}.Release|Any CPU.Build.0 = Release|Any CPU
		{E0EDAC7F-4C05-4956-9F04-2EDB95B8BDBF}.Release|Any CPU.Deploy.0 = Release|Any CPU
		{09F7D0A2-3899-4092-A170-3B9F8085E89D}.Debug|Any CPU.ActiveCfg = Debug|Any CPU
		{09F7D0A2-3899-4092-A170-3B9F8085E89D}.Debug|Any CPU.Build.0 = Debug|Any CPU
		{09F7D0A2-3899-4092-A170-3B9F8085E89D}.Release|Any CPU.ActiveCfg = Release|Any CPU
		{09F7D0A2-3899-4092-A170-3B9F8085E89D}.Release|Any CPU.Build.0 = Release|Any CPU
	EndGlobalSection
	GlobalSection(SolutionProperties) = preSolution
		HideSolutionNode = FALSE
	EndGlobalSection
	GlobalSection(ExtensibilityGlobals) = postSolution
		SolutionGuid = {BD7EEFFA-9B1F-4C3B-8D73-2818994B9F30}
	EndGlobalSection
EndGlobal
